// !$*UTF8*$!
{
	archiveVersion = 1;
	classes = {
	};
	objectVersion = 46;
	objects = {

/* Begin PBXBuildFile section */
		1FE62CED1CECC0DB006DFEB7 /* AppDelegate.swift in Sources */ = {isa = PBXBuildFile; fileRef = 1FE62CEC1CECC0DB006DFEB7 /* AppDelegate.swift */; };
		1FE62CEF1CECC0DB006DFEB7 /* ViewController.swift in Sources */ = {isa = PBXBuildFile; fileRef = 1FE62CEE1CECC0DB006DFEB7 /* ViewController.swift */; };
		1FE62CF21CECC0DB006DFEB7 /* Main.storyboard in Resources */ = {isa = PBXBuildFile; fileRef = 1FE62CF01CECC0DB006DFEB7 /* Main.storyboard */; };
		1FE62CF41CECC0DB006DFEB7 /* Assets.xcassets in Resources */ = {isa = PBXBuildFile; fileRef = 1FE62CF31CECC0DB006DFEB7 /* Assets.xcassets */; };
		1FE62CF71CECC0DB006DFEB7 /* LaunchScreen.storyboard in Resources */ = {isa = PBXBuildFile; fileRef = 1FE62CF51CECC0DB006DFEB7 /* LaunchScreen.storyboard */; };
		1FE62D021CECC0DB006DFEB7 /* test_Tests.swift in Sources */ = {isa = PBXBuildFile; fileRef = 1FE62D011CECC0DB006DFEB7 /* test_Tests.swift */; };
		1FE62D0D1CECC0DB006DFEB7 /* test_UITests.swift in Sources */ = {isa = PBXBuildFile; fileRef = 1FE62D0C1CECC0DB006DFEB7 /* test_UITests.swift */; };
/* End PBXBuildFile section */

/* Begin PBXContainerItemProxy section */
		1FE62CFE1CECC0DB006DFEB7 /* PBXContainerItemProxy */ = {
			isa = PBXContainerItemProxy;
			containerPortal = 1FE62CE11CECC0DB006DFEB7 /* Project object */;
			proxyType = 1;
			remoteGlobalIDString = 1FE62CE81CECC0DB006DFEB7;
			remoteInfo = "test-navigator";
		};
		1FE62D091CECC0DB006DFEB7 /* PBXContainerItemProxy */ = {
			isa = PBXContainerItemProxy;
			containerPortal = 1FE62CE11CECC0DB006DFEB7 /* Project object */;
			proxyType = 1;
			remoteGlobalIDString = 1FE62CE81CECC0DB006DFEB7;
			remoteInfo = "test-navigator";
		};
/* End PBXContainerItemProxy section */

/* Begin PBXFileReference section */
		1FE62CE91CECC0DB006DFEB7 /* test-collector.app */ = {isa = PBXFileReference; explicitFileType = wrapper.application; includeInIndex = 0; path = "test-collector.app"; sourceTree = BUILT_PRODUCTS_DIR; };
		1FE62CEC1CECC0DB006DFEB7 /* AppDelegate.swift */ = {isa = PBXFileReference; lastKnownFileType = sourcecode.swift; path = AppDelegate.swift; sourceTree = "<group>"; };
		1FE62CEE1CECC0DB006DFEB7 /* ViewController.swift */ = {isa = PBXFileReference; lastKnownFileType = sourcecode.swift; path = ViewController.swift; sourceTree = "<group>"; };
		1FE62CF11CECC0DB006DFEB7 /* Base */ = {isa = PBXFileReference; lastKnownFileType = file.storyboard; name = Base; path = Base.lproj/Main.storyboard; sourceTree = "<group>"; };
		1FE62CF31CECC0DB006DFEB7 /* Assets.xcassets */ = {isa = PBXFileReference; lastKnownFileType = folder.assetcatalog; path = Assets.xcassets; sourceTree = "<group>"; };
		1FE62CF61CECC0DB006DFEB7 /* Base */ = {isa = PBXFileReference; lastKnownFileType = file.storyboard; name = Base; path = Base.lproj/LaunchScreen.storyboard; sourceTree = "<group>"; };
		1FE62CF81CECC0DB006DFEB7 /* Info.plist */ = {isa = PBXFileReference; lastKnownFileType = text.plist.xml; path = Info.plist; sourceTree = "<group>"; };
		1FE62CFD1CECC0DB006DFEB7 /* test-collector.xctest */ = {isa = PBXFileReference; explicitFileType = wrapper.cfbundle; includeInIndex = 0; path = "test-collector.xctest"; sourceTree = BUILT_PRODUCTS_DIR; };
		1FE62D011CECC0DB006DFEB7 /* test_Tests.swift */ = {isa = PBXFileReference; lastKnownFileType = sourcecode.swift; path = test_Tests.swift; sourceTree = "<group>"; };
		1FE62D031CECC0DB006DFEB7 /* Info.plist */ = {isa = PBXFileReference; lastKnownFileType = text.plist.xml; path = Info.plist; sourceTree = "<group>"; };
		1FE62D081CECC0DB006DFEB7 /* test-collector.xctest */ = {isa = PBXFileReference; explicitFileType = wrapper.cfbundle; includeInIndex = 0; path = "test-collector.xctest"; sourceTree = BUILT_PRODUCTS_DIR; };
		1FE62D0C1CECC0DB006DFEB7 /* test_UITests.swift */ = {isa = PBXFileReference; lastKnownFileType = sourcecode.swift; path = test_UITests.swift; sourceTree = "<group>"; };
		1FE62D0E1CECC0DB006DFEB7 /* Info.plist */ = {isa = PBXFileReference; lastKnownFileType = text.plist.xml; path = Info.plist; sourceTree = "<group>"; };
/* End PBXFileReference section */

/* Begin PBXFrameworksBuildPhase section */
		1FE62CE61CECC0DB006DFEB7 /* Frameworks */ = {
			isa = PBXFrameworksBuildPhase;
			buildActionMask = 2147483647;
			files = (
			);
			runOnlyForDeploymentPostprocessing = 0;
		};
		1FE62CFA1CECC0DB006DFEB7 /* Frameworks */ = {
			isa = PBXFrameworksBuildPhase;
			buildActionMask = 2147483647;
			files = (
			);
			runOnlyForDeploymentPostprocessing = 0;
		};
		1FE62D051CECC0DB006DFEB7 /* Frameworks */ = {
			isa = PBXFrameworksBuildPhase;
			buildActionMask = 2147483647;
			files = (
			);
			runOnlyForDeploymentPostprocessing = 0;
		};
/* End PBXFrameworksBuildPhase section */

/* Begin PBXGroup section */
		1FE62CE01CECC0DB006DFEB7 = {
			isa = PBXGroup;
			children = (
				1FE62CEB1CECC0DB006DFEB7 /* test-collector */,
				1FE62D001CECC0DB006DFEB7 /* test-collectorTests */,
				1FE62D0B1CECC0DB006DFEB7 /* test-collectorUITests */,
				1FE62CEA1CECC0DB006DFEB7 /* Products */,
			);
			sourceTree = "<group>";
		};
		1FE62CEA1CECC0DB006DFEB7 /* Products */ = {
			isa = PBXGroup;
			children = (
				1FE62CE91CECC0DB006DFEB7 /* test-collector.app */,
				1FE62CFD1CECC0DB006DFEB7 /* test-collector.xctest */,
				1FE62D081CECC0DB006DFEB7 /* test-collector.xctest */,
			);
			name = Products;
			sourceTree = "<group>";
		};
		1FE62CEB1CECC0DB006DFEB7 /* test-collector */ = {
			isa = PBXGroup;
			children = (
				1FE62CEC1CECC0DB006DFEB7 /* AppDelegate.swift */,
				1FE62CEE1CECC0DB006DFEB7 /* ViewController.swift */,
				1FE62CF01CECC0DB006DFEB7 /* Main.storyboard */,
				1FE62CF31CECC0DB006DFEB7 /* Assets.xcassets */,
				1FE62CF51CECC0DB006DFEB7 /* LaunchScreen.storyboard */,
				1FE62CF81CECC0DB006DFEB7 /* Info.plist */,
			);
			path = "test-collector";
			sourceTree = "<group>";
		};
		1FE62D001CECC0DB006DFEB7 /* test-collectorTests */ = {
			isa = PBXGroup;
			children = (
				1FE62D011CECC0DB006DFEB7 /* test_Tests.swift */,
				1FE62D031CECC0DB006DFEB7 /* Info.plist */,
			);
			path = "test-collectorTests";
			sourceTree = "<group>";
		};
		1FE62D0B1CECC0DB006DFEB7 /* test-collectorUITests */ = {
			isa = PBXGroup;
			children = (
				1FE62D0C1CECC0DB006DFEB7 /* test_UITests.swift */,
				1FE62D0E1CECC0DB006DFEB7 /* Info.plist */,
			);
			path = "test-collectorUITests";
			sourceTree = "<group>";
		};
/* End PBXGroup section */

/* Begin PBXNativeTarget section */
		1FE62CE81CECC0DB006DFEB7 /* test-collector */ = {
			isa = PBXNativeTarget;
			buildConfigurationList = 1FE62D111CECC0DB006DFEB7 /* Build configuration list for PBXNativeTarget "test-collector" */;
			buildPhases = (
				1FE62CE51CECC0DB006DFEB7 /* Sources */,
				1FE62CE61CECC0DB006DFEB7 /* Frameworks */,
				1FE62CE71CECC0DB006DFEB7 /* Resources */,
			);
			buildRules = (
			);
			dependencies = (
			);
			name = "test-collector";
			productName = "test-navigator";
			productReference = 1FE62CE91CECC0DB006DFEB7 /* test-collector.app */;
			productType = "com.apple.product-type.application";
		};
		1FE62CFC1CECC0DB006DFEB7 /* test-collectorTests */ = {
			isa = PBXNativeTarget;
			buildConfigurationList = 1FE62D141CECC0DB006DFEB7 /* Build configuration list for PBXNativeTarget "test-collectorTests" */;
			buildPhases = (
				1FE62CF91CECC0DB006DFEB7 /* Sources */,
				1FE62CFA1CECC0DB006DFEB7 /* Frameworks */,
				1FE62CFB1CECC0DB006DFEB7 /* Resources */,
			);
			buildRules = (
			);
			dependencies = (
				1FE62CFF1CECC0DB006DFEB7 /* PBXTargetDependency */,
			);
			name = "test-collectorTests";
			productName = "test-navigatorTests";
			productReference = 1FE62CFD1CECC0DB006DFEB7 /* test-collector.xctest */;
			productType = "com.apple.product-type.bundle.unit-test";
		};
		1FE62D071CECC0DB006DFEB7 /* test-collectorUITests */ = {
			isa = PBXNativeTarget;
			buildConfigurationList = 1FE62D171CECC0DB006DFEB7 /* Build configuration list for PBXNativeTarget "test-collectorUITests" */;
			buildPhases = (
				1FE62D041CECC0DB006DFEB7 /* Sources */,
				1FE62D051CECC0DB006DFEB7 /* Frameworks */,
				1FE62D061CECC0DB006DFEB7 /* Resources */,
			);
			buildRules = (
			);
			dependencies = (
				1FE62D0A1CECC0DB006DFEB7 /* PBXTargetDependency */,
			);
			name = "test-collectorUITests";
			productName = "test-navigatorUITests";
			productReference = 1FE62D081CECC0DB006DFEB7 /* test-collector.xctest */;
			productType = "com.apple.product-type.bundle.ui-testing";
		};
/* End PBXNativeTarget section */

/* Begin PBXProject section */
		1FE62CE11CECC0DB006DFEB7 /* Project object */ = {
			isa = PBXProject;
			attributes = {
				LastSwiftUpdateCheck = 0730;
				LastUpgradeCheck = 0730;
				ORGANIZATIONNAME = Esri;
				TargetAttributes = {
					1FE62CE81CECC0DB006DFEB7 = {
						CreatedOnToolsVersion = 7.3.1;
					};
					1FE62CFC1CECC0DB006DFEB7 = {
						CreatedOnToolsVersion = 7.3.1;
						TestTargetID = 1FE62CE81CECC0DB006DFEB7;
					};
					1FE62D071CECC0DB006DFEB7 = {
						CreatedOnToolsVersion = 7.3.1;
						TestTargetID = 1FE62CE81CECC0DB006DFEB7;
					};
				};
			};
			buildConfigurationList = 1FE62CE41CECC0DB006DFEB7 /* Build configuration list for PBXProject "test-collector" */;
			compatibilityVersion = "Xcode 3.2";
			developmentRegion = English;
			hasScannedForEncodings = 0;
			knownRegions = (
				en,
				Base,
			);
			mainGroup = 1FE62CE01CECC0DB006DFEB7;
			productRefGroup = 1FE62CEA1CECC0DB006DFEB7 /* Products */;
			projectDirPath = "";
			projectRoot = "";
			targets = (
				1FE62CE81CECC0DB006DFEB7 /* test-collector */,
				1FE62CFC1CECC0DB006DFEB7 /* test-collectorTests */,
				1FE62D071CECC0DB006DFEB7 /* test-collectorUITests */,
			);
		};
/* End PBXProject section */

/* Begin PBXResourcesBuildPhase section */
		1FE62CE71CECC0DB006DFEB7 /* Resources */ = {
			isa = PBXResourcesBuildPhase;
			buildActionMask = 2147483647;
			files = (
				1FE62CF71CECC0DB006DFEB7 /* LaunchScreen.storyboard in Resources */,
				1FE62CF41CECC0DB006DFEB7 /* Assets.xcassets in Resources */,
				1FE62CF21CECC0DB006DFEB7 /* Main.storyboard in Resources */,
			);
			runOnlyForDeploymentPostprocessing = 0;
		};
		1FE62CFB1CECC0DB006DFEB7 /* Resources */ = {
			isa = PBXResourcesBuildPhase;
			buildActionMask = 2147483647;
			files = (
			);
			runOnlyForDeploymentPostprocessing = 0;
		};
		1FE62D061CECC0DB006DFEB7 /* Resources */ = {
			isa = PBXResourcesBuildPhase;
			buildActionMask = 2147483647;
			files = (
			);
			runOnlyForDeploymentPostprocessing = 0;
		};
/* End PBXResourcesBuildPhase section */

/* Begin PBXSourcesBuildPhase section */
		1FE62CE51CECC0DB006DFEB7 /* Sources */ = {
			isa = PBXSourcesBuildPhase;
			buildActionMask = 2147483647;
			files = (
				1FE62CEF1CECC0DB006DFEB7 /* ViewController.swift in Sources */,
				1FE62CED1CECC0DB006DFEB7 /* AppDelegate.swift in Sources */,
			);
			runOnlyForDeploymentPostprocessing = 0;
		};
		1FE62CF91CECC0DB006DFEB7 /* Sources */ = {
			isa = PBXSourcesBuildPhase;
			buildActionMask = 2147483647;
			files = (
				1FE62D021CECC0DB006DFEB7 /* test_Tests.swift in Sources */,
			);
			runOnlyForDeploymentPostprocessing = 0;
		};
		1FE62D041CECC0DB006DFEB7 /* Sources */ = {
			isa = PBXSourcesBuildPhase;
			buildActionMask = 2147483647;
			files = (
				1FE62D0D1CECC0DB006DFEB7 /* test_UITests.swift in Sources */,
			);
			runOnlyForDeploymentPostprocessing = 0;
		};
/* End PBXSourcesBuildPhase section */

/* Begin PBXTargetDependency section */
		1FE62CFF1CECC0DB006DFEB7 /* PBXTargetDependency */ = {
			isa = PBXTargetDependency;
			target = 1FE62CE81CECC0DB006DFEB7 /* test-collector */;
			targetProxy = 1FE62CFE1CECC0DB006DFEB7 /* PBXContainerItemProxy */;
		};
		1FE62D0A1CECC0DB006DFEB7 /* PBXTargetDependency */ = {
			isa = PBXTargetDependency;
			target = 1FE62CE81CECC0DB006DFEB7 /* test-collector */;
			targetProxy = 1FE62D091CECC0DB006DFEB7 /* PBXContainerItemProxy */;
		};
/* End PBXTargetDependency section */

/* Begin PBXVariantGroup section */
		1FE62CF01CECC0DB006DFEB7 /* Main.storyboard */ = {
			isa = PBXVariantGroup;
			children = (
				1FE62CF11CECC0DB006DFEB7 /* Base */,
			);
			name = Main.storyboard;
			sourceTree = "<group>";
		};
		1FE62CF51CECC0DB006DFEB7 /* LaunchScreen.storyboard */ = {
			isa = PBXVariantGroup;
			children = (
				1FE62CF61CECC0DB006DFEB7 /* Base */,
			);
			name = LaunchScreen.storyboard;
			sourceTree = "<group>";
		};
/* End PBXVariantGroup section */

/* Begin XCBuildConfiguration section */
		1FE62D0F1CECC0DB006DFEB7 /* Debug */ = {
			isa = XCBuildConfiguration;
			buildSettings = {
				ALWAYS_SEARCH_USER_PATHS = NO;
				CLANG_ANALYZER_NONNULL = YES;
				CLANG_CXX_LANGUAGE_STANDARD = "gnu++0x";
				CLANG_CXX_LIBRARY = "libc++";
				CLANG_ENABLE_MODULES = YES;
				CLANG_ENABLE_OBJC_ARC = YES;
				CLANG_WARN_BOOL_CONVERSION = YES;
				CLANG_WARN_CONSTANT_CONVERSION = YES;
				CLANG_WARN_DIRECT_OBJC_ISA_USAGE = YES_ERROR;
				CLANG_WARN_EMPTY_BODY = YES;
				CLANG_WARN_ENUM_CONVERSION = YES;
				CLANG_WARN_INT_CONVERSION = YES;
				CLANG_WARN_OBJC_ROOT_CLASS = YES_ERROR;
				CLANG_WARN_UNREACHABLE_CODE = YES;
				CLANG_WARN__DUPLICATE_METHOD_MATCH = YES;
				"CODE_SIGN_IDENTITY[sdk=iphoneos*]" = "iPhone Developer";
				COPY_PHASE_STRIP = NO;
				DEBUG_INFORMATION_FORMAT = dwarf;
				ENABLE_STRICT_OBJC_MSGSEND = YES;
				ENABLE_TESTABILITY = YES;
				GCC_C_LANGUAGE_STANDARD = gnu99;
				GCC_DYNAMIC_NO_PIC = NO;
				GCC_NO_COMMON_BLOCKS = YES;
				GCC_OPTIMIZATION_LEVEL = 0;
				GCC_PREPROCESSOR_DEFINITIONS = (
					"DEBUG=1",
					"$(inherited)",
				);
				GCC_WARN_64_TO_32_BIT_CONVERSION = YES;
				GCC_WARN_ABOUT_RETURN_TYPE = YES_ERROR;
				GCC_WARN_UNDECLARED_SELECTOR = YES;
				GCC_WARN_UNINITIALIZED_AUTOS = YES_AGGRESSIVE;
				GCC_WARN_UNUSED_FUNCTION = YES;
				GCC_WARN_UNUSED_VARIABLE = YES;
				IPHONEOS_DEPLOYMENT_TARGET = 9.3;
				MTL_ENABLE_DEBUG_INFO = YES;
				ONLY_ACTIVE_ARCH = YES;
				SDKROOT = iphoneos;
				SWIFT_OPTIMIZATION_LEVEL = "-Onone";
				TARGETED_DEVICE_FAMILY = "1,2";
			};
			name = Debug;
		};
		1FE62D101CECC0DB006DFEB7 /* Release */ = {
			isa = XCBuildConfiguration;
			buildSettings = {
				ALWAYS_SEARCH_USER_PATHS = NO;
				CLANG_ANALYZER_NONNULL = YES;
				CLANG_CXX_LANGUAGE_STANDARD = "gnu++0x";
				CLANG_CXX_LIBRARY = "libc++";
				CLANG_ENABLE_MODULES = YES;
				CLANG_ENABLE_OBJC_ARC = YES;
				CLANG_WARN_BOOL_CONVERSION = YES;
				CLANG_WARN_CONSTANT_CONVERSION = YES;
				CLANG_WARN_DIRECT_OBJC_ISA_USAGE = YES_ERROR;
				CLANG_WARN_EMPTY_BODY = YES;
				CLANG_WARN_ENUM_CONVERSION = YES;
				CLANG_WARN_INT_CONVERSION = YES;
				CLANG_WARN_OBJC_ROOT_CLASS = YES_ERROR;
				CLANG_WARN_UNREACHABLE_CODE = YES;
				CLANG_WARN__DUPLICATE_METHOD_MATCH = YES;
				"CODE_SIGN_IDENTITY[sdk=iphoneos*]" = "iPhone Developer";
				COPY_PHASE_STRIP = NO;
				DEBUG_INFORMATION_FORMAT = "dwarf-with-dsym";
				ENABLE_NS_ASSERTIONS = NO;
				ENABLE_STRICT_OBJC_MSGSEND = YES;
				GCC_C_LANGUAGE_STANDARD = gnu99;
				GCC_NO_COMMON_BLOCKS = YES;
				GCC_WARN_64_TO_32_BIT_CONVERSION = YES;
				GCC_WARN_ABOUT_RETURN_TYPE = YES_ERROR;
				GCC_WARN_UNDECLARED_SELECTOR = YES;
				GCC_WARN_UNINITIALIZED_AUTOS = YES_AGGRESSIVE;
				GCC_WARN_UNUSED_FUNCTION = YES;
				GCC_WARN_UNUSED_VARIABLE = YES;
				IPHONEOS_DEPLOYMENT_TARGET = 9.3;
				MTL_ENABLE_DEBUG_INFO = NO;
				SDKROOT = iphoneos;
				TARGETED_DEVICE_FAMILY = "1,2";
				VALIDATE_PRODUCT = YES;
			};
			name = Release;
		};
		1FE62D121CECC0DB006DFEB7 /* Debug */ = {
			isa = XCBuildConfiguration;
			buildSettings = {
				ASSETCATALOG_COMPILER_APPICON_NAME = AppIcon;
				INFOPLIST_FILE = "test-collector/Info.plist";
				LD_RUNPATH_SEARCH_PATHS = "$(inherited) @executable_path/Frameworks";
				PRODUCT_BUNDLE_IDENTIFIER = "com.esri.test-collector";
				PRODUCT_NAME = "test-collector";
			};
			name = Debug;
		};
		1FE62D131CECC0DB006DFEB7 /* Release */ = {
			isa = XCBuildConfiguration;
			buildSettings = {
				ASSETCATALOG_COMPILER_APPICON_NAME = AppIcon;
				INFOPLIST_FILE = "test-collector/Info.plist";
				LD_RUNPATH_SEARCH_PATHS = "$(inherited) @executable_path/Frameworks";
				PRODUCT_BUNDLE_IDENTIFIER = "com.esri.test-collector";
				PRODUCT_NAME = "test-collector";
			};
			name = Release;
		};
		1FE62D151CECC0DB006DFEB7 /* Debug */ = {
			isa = XCBuildConfiguration;
			buildSettings = {
				BUNDLE_LOADER = "$(TEST_HOST)";
				INFOPLIST_FILE = "test-navigatorTests/Info.plist";
				LD_RUNPATH_SEARCH_PATHS = "$(inherited) @executable_path/Frameworks @loader_path/Frameworks";
				PRODUCT_BUNDLE_IDENTIFIER = "com.esri.test-navigatorTests";
				PRODUCT_NAME = "test-collector";
				TEST_HOST = "$(BUILT_PRODUCTS_DIR)/test-collector.app/test-collector";
			};
			name = Debug;
		};
		1FE62D161CECC0DB006DFEB7 /* Release */ = {
			isa = XCBuildConfiguration;
			buildSettings = {
				BUNDLE_LOADER = "$(TEST_HOST)";
				INFOPLIST_FILE = "test-navigatorTests/Info.plist";
				LD_RUNPATH_SEARCH_PATHS = "$(inherited) @executable_path/Frameworks @loader_path/Frameworks";
				PRODUCT_BUNDLE_IDENTIFIER = "com.esri.test-navigatorTests";
				PRODUCT_NAME = "test-collector";
				TEST_HOST = "$(BUILT_PRODUCTS_DIR)/test-collector.app/test-collector";
			};
			name = Release;
		};
		1FE62D181CECC0DB006DFEB7 /* Debug */ = {
			isa = XCBuildConfiguration;
			buildSettings = {
				INFOPLIST_FILE = "test-navigatorUITests/Info.plist";
				LD_RUNPATH_SEARCH_PATHS = "$(inherited) @executable_path/Frameworks @loader_path/Frameworks";
				PRODUCT_BUNDLE_IDENTIFIER = "com.esri.test-navigatorUITests";
				PRODUCT_NAME = "test-collector";
				TEST_TARGET_NAME = "test-navigator";
			};
			name = Debug;
		};
		1FE62D191CECC0DB006DFEB7 /* Release */ = {
			isa = XCBuildConfiguration;
			buildSettings = {
				INFOPLIST_FILE = "test-navigatorUITests/Info.plist";
				LD_RUNPATH_SEARCH_PATHS = "$(inherited) @executable_path/Frameworks @loader_path/Frameworks";
				PRODUCT_BUNDLE_IDENTIFIER = "com.esri.test-navigatorUITests";
				PRODUCT_NAME = "test-collector";
				TEST_TARGET_NAME = "test-navigator";
			};
			name = Release;
		};
/* End XCBuildConfiguration section */

/* Begin XCConfigurationList section */
		1FE62CE41CECC0DB006DFEB7 /* Build configuration list for PBXProject "test-collector" */ = {
			isa = XCConfigurationList;
			buildConfigurations = (
				1FE62D0F1CECC0DB006DFEB7 /* Debug */,
				1FE62D101CECC0DB006DFEB7 /* Release */,
			);
			defaultConfigurationIsVisible = 0;
			defaultConfigurationName = Release;
		};
		1FE62D111CECC0DB006DFEB7 /* Build configuration list for PBXNativeTarget "test-collector" */ = {
			isa = XCConfigurationList;
			buildConfigurations = (
				1FE62D121CECC0DB006DFEB7 /* Debug */,
				1FE62D131CECC0DB006DFEB7 /* Release */,
			);
			defaultConfigurationIsVisible = 0;
			defaultConfigurationName = Release;
		};
		1FE62D141CECC0DB006DFEB7 /* Build configuration list for PBXNativeTarget "test-collectorTests" */ = {
			isa = XCConfigurationList;
			buildConfigurations = (
				1FE62D151CECC0DB006DFEB7 /* Debug */,
				1FE62D161CECC0DB006DFEB7 /* Release */,
			);
			defaultConfigurationIsVisible = 0;
			defaultConfigurationName = Release;
		};
		1FE62D171CECC0DB006DFEB7 /* Build configuration list for PBXNativeTarget "test-collectorUITests" */ = {
			isa = XCConfigurationList;
			buildConfigurations = (
				1FE62D181CECC0DB006DFEB7 /* Debug */,
				1FE62D191CECC0DB006DFEB7 /* Release */,
			);
			defaultConfigurationIsVisible = 0;
			defaultConfigurationName = Release;
		};
/* End XCConfigurationList section */
	};
	rootObject = 1FE62CE11CECC0DB006DFEB7 /* Project object */;
}
